// !$*UTF8*$!
{
	archiveVersion = 1;
	classes = {
	};
	objectVersion = 50;
	objects = {

/* Begin PBXBuildFile section */
		04AE35D822F0927A00116D46 /* AppDelegate.swift in Sources */ = {isa = PBXBuildFile; fileRef = 04AE35D722F0927A00116D46 /* AppDelegate.swift */; };
		04AE35DF22F0927A00116D46 /* Assets.xcassets in Resources */ = {isa = PBXBuildFile; fileRef = 04AE35DE22F0927A00116D46 /* Assets.xcassets */; };
		04AE35E222F0927A00116D46 /* LaunchScreen.storyboard in Resources */ = {isa = PBXBuildFile; fileRef = 04AE35E022F0927A00116D46 /* LaunchScreen.storyboard */; };
		04AE35ED22F0927B00116D46 /* FilterClosureProjectTests.swift in Sources */ = {isa = PBXBuildFile; fileRef = 04AE35EC22F0927B00116D46 /* FilterClosureProjectTests.swift */; };
		04AE35F822F0941F00116D46 /* FilterSortClosureAssignment.swift in Sources */ = {isa = PBXBuildFile; fileRef = 04AE35F722F0941F00116D46 /* FilterSortClosureAssignment.swift */; };
/* End PBXBuildFile section */

/* Begin PBXContainerItemProxy section */
		04AE35E922F0927B00116D46 /* PBXContainerItemProxy */ = {
			isa = PBXContainerItemProxy;
			containerPortal = 04AE35CC22F0927A00116D46 /* Project object */;
			proxyType = 1;
			remoteGlobalIDString = 04AE35D322F0927A00116D46;
			remoteInfo = FilterClosureProject;
		};
/* End PBXContainerItemProxy section */

/* Begin PBXFileReference section */
		04AE35D422F0927A00116D46 /* FilterClosureProject.app */ = {isa = PBXFileReference; explicitFileType = wrapper.application; includeInIndex = 0; path = FilterClosureProject.app; sourceTree = BUILT_PRODUCTS_DIR; };
		04AE35D722F0927A00116D46 /* AppDelegate.swift */ = {isa = PBXFileReference; lastKnownFileType = sourcecode.swift; path = AppDelegate.swift; sourceTree = "<group>"; };
		04AE35DE22F0927A00116D46 /* Assets.xcassets */ = {isa = PBXFileReference; lastKnownFileType = folder.assetcatalog; path = Assets.xcassets; sourceTree = "<group>"; };
		04AE35E122F0927A00116D46 /* Base */ = {isa = PBXFileReference; lastKnownFileType = file.storyboard; name = Base; path = Base.lproj/LaunchScreen.storyboard; sourceTree = "<group>"; };
		04AE35E322F0927A00116D46 /* Info.plist */ = {isa = PBXFileReference; lastKnownFileType = text.plist.xml; path = Info.plist; sourceTree = "<group>"; };
		04AE35E822F0927B00116D46 /* FilterClosureProjectTests.xctest */ = {isa = PBXFileReference; explicitFileType = wrapper.cfbundle; includeInIndex = 0; path = FilterClosureProjectTests.xctest; sourceTree = BUILT_PRODUCTS_DIR; };
		04AE35EC22F0927B00116D46 /* FilterClosureProjectTests.swift */ = {isa = PBXFileReference; lastKnownFileType = sourcecode.swift; path = FilterClosureProjectTests.swift; sourceTree = "<group>"; };
		04AE35EE22F0927B00116D46 /* Info.plist */ = {isa = PBXFileReference; lastKnownFileType = text.plist.xml; path = Info.plist; sourceTree = "<group>"; };
		04AE35F722F0941F00116D46 /* FilterSortClosureAssignment.swift */ = {isa = PBXFileReference; lastKnownFileType = sourcecode.swift; path = FilterSortClosureAssignment.swift; sourceTree = "<group>"; };
/* End PBXFileReference section */

/* Begin PBXFrameworksBuildPhase section */
		04AE35D122F0927A00116D46 /* Frameworks */ = {
			isa = PBXFrameworksBuildPhase;
			buildActionMask = 2147483647;
			files = (
			);
			runOnlyForDeploymentPostprocessing = 0;
		};
		04AE35E522F0927A00116D46 /* Frameworks */ = {
			isa = PBXFrameworksBuildPhase;
			buildActionMask = 2147483647;
			files = (
			);
			runOnlyForDeploymentPostprocessing = 0;
		};
/* End PBXFrameworksBuildPhase section */

/* Begin PBXGroup section */
		04AE35CB22F0927A00116D46 = {
			isa = PBXGroup;
			children = (
				04AE35D622F0927A00116D46 /* FilterClosureProject */,
				04AE35EB22F0927B00116D46 /* FilterClosureProjectTests */,
				04AE35D522F0927A00116D46 /* Products */,
			);
			sourceTree = "<group>";
		};
		04AE35D522F0927A00116D46 /* Products */ = {
			isa = PBXGroup;
			children = (
				04AE35D422F0927A00116D46 /* FilterClosureProject.app */,
				04AE35E822F0927B00116D46 /* FilterClosureProjectTests.xctest */,
			);
			name = Products;
			sourceTree = "<group>";
		};
		04AE35D622F0927A00116D46 /* FilterClosureProject */ = {
			isa = PBXGroup;
			children = (
				04AE35D722F0927A00116D46 /* AppDelegate.swift */,
				04AE35DE22F0927A00116D46 /* Assets.xcassets */,
				04AE35E022F0927A00116D46 /* LaunchScreen.storyboard */,
				04AE35E322F0927A00116D46 /* Info.plist */,
				04AE35F722F0941F00116D46 /* FilterSortClosureAssignment.swift */,
			);
			path = FilterClosureProject;
			sourceTree = "<group>";
		};
		04AE35EB22F0927B00116D46 /* FilterClosureProjectTests */ = {
			isa = PBXGroup;
			children = (
				04AE35EC22F0927B00116D46 /* FilterClosureProjectTests.swift */,
				04AE35EE22F0927B00116D46 /* Info.plist */,
			);
			path = FilterClosureProjectTests;
			sourceTree = "<group>";
		};
/* End PBXGroup section */

/* Begin PBXNativeTarget section */
		04AE35D322F0927A00116D46 /* FilterClosureProject */ = {
			isa = PBXNativeTarget;
			buildConfigurationList = 04AE35F122F0927B00116D46 /* Build configuration list for PBXNativeTarget "FilterClosureProject" */;
			buildPhases = (
				04AE35D022F0927A00116D46 /* Sources */,
				04AE35D122F0927A00116D46 /* Frameworks */,
				04AE35D222F0927A00116D46 /* Resources */,
			);
			buildRules = (
			);
			dependencies = (
			);
			name = FilterClosureProject;
			productName = FilterClosureProject;
			productReference = 04AE35D422F0927A00116D46 /* FilterClosureProject.app */;
			productType = "com.apple.product-type.application";
		};
		04AE35E722F0927A00116D46 /* FilterClosureProjectTests */ = {
			isa = PBXNativeTarget;
			buildConfigurationList = 04AE35F422F0927B00116D46 /* Build configuration list for PBXNativeTarget "FilterClosureProjectTests" */;
			buildPhases = (
				04AE35E422F0927A00116D46 /* Sources */,
				04AE35E522F0927A00116D46 /* Frameworks */,
				04AE35E622F0927A00116D46 /* Resources */,
			);
			buildRules = (
			);
			dependencies = (
				04AE35EA22F0927B00116D46 /* PBXTargetDependency */,
			);
			name = FilterClosureProjectTests;
			productName = FilterClosureProjectTests;
			productReference = 04AE35E822F0927B00116D46 /* FilterClosureProjectTests.xctest */;
			productType = "com.apple.product-type.bundle.unit-test";
		};
/* End PBXNativeTarget section */

/* Begin PBXProject section */
		04AE35CC22F0927A00116D46 /* Project object */ = {
			isa = PBXProject;
			attributes = {
				LastSwiftUpdateCheck = 1030;
				LastUpgradeCheck = 1030;
				ORGANIZATIONNAME = PaulRenfrew;
				TargetAttributes = {
					04AE35D322F0927A00116D46 = {
						CreatedOnToolsVersion = 10.3;
					};
					04AE35E722F0927A00116D46 = {
						CreatedOnToolsVersion = 10.3;
						TestTargetID = 04AE35D322F0927A00116D46;
					};
				};
			};
			buildConfigurationList = 04AE35CF22F0927A00116D46 /* Build configuration list for PBXProject "FilterClosureProject" */;
			compatibilityVersion = "Xcode 9.3";
			developmentRegion = en;
			hasScannedForEncodings = 0;
			knownRegions = (
				en,
				Base,
			);
			mainGroup = 04AE35CB22F0927A00116D46;
			productRefGroup = 04AE35D522F0927A00116D46 /* Products */;
			projectDirPath = "";
			projectRoot = "";
			targets = (
				04AE35D322F0927A00116D46 /* FilterClosureProject */,
				04AE35E722F0927A00116D46 /* FilterClosureProjectTests */,
			);
		};
/* End PBXProject section */

/* Begin PBXResourcesBuildPhase section */
		04AE35D222F0927A00116D46 /* Resources */ = {
			isa = PBXResourcesBuildPhase;
			buildActionMask = 2147483647;
			files = (
				04AE35E222F0927A00116D46 /* LaunchScreen.storyboard in Resources */,
				04AE35DF22F0927A00116D46 /* Assets.xcassets in Resources */,
			);
			runOnlyForDeploymentPostprocessing = 0;
		};
		04AE35E622F0927A00116D46 /* Resources */ = {
			isa = PBXResourcesBuildPhase;
			buildActionMask = 2147483647;
			files = (
			);
			runOnlyForDeploymentPostprocessing = 0;
		};
/* End PBXResourcesBuildPhase section */

/* Begin PBXSourcesBuildPhase section */
		04AE35D022F0927A00116D46 /* Sources */ = {
			isa = PBXSourcesBuildPhase;
			buildActionMask = 2147483647;
			files = (
				04AE35F822F0941F00116D46 /* FilterSortClosureAssignment.swift in Sources */,
				04AE35D822F0927A00116D46 /* AppDelegate.swift in Sources */,
			);
			runOnlyForDeploymentPostprocessing = 0;
		};
		04AE35E422F0927A00116D46 /* Sources */ = {
			isa = PBXSourcesBuildPhase;
			buildActionMask = 2147483647;
			files = (
				04AE35ED22F0927B00116D46 /* FilterClosureProjectTests.swift in Sources */,
			);
			runOnlyForDeploymentPostprocessing = 0;
		};
/* End PBXSourcesBuildPhase section */

/* Begin PBXTargetDependency section */
		04AE35EA22F0927B00116D46 /* PBXTargetDependency */ = {
			isa = PBXTargetDependency;
			target = 04AE35D322F0927A00116D46 /* FilterClosureProject */;
			targetProxy = 04AE35E922F0927B00116D46 /* PBXContainerItemProxy */;
		};
/* End PBXTargetDependency section */

/* Begin PBXVariantGroup section */
		04AE35E022F0927A00116D46 /* LaunchScreen.storyboard */ = {
			isa = PBXVariantGroup;
			children = (
				04AE35E122F0927A00116D46 /* Base */,
			);
			name = LaunchScreen.storyboard;
			sourceTree = "<group>";
		};
/* End PBXVariantGroup section */

/* Begin XCBuildConfiguration section */
		04AE35EF22F0927B00116D46 /* Debug */ = {
			isa = XCBuildConfiguration;
			buildSettings = {
				ALWAYS_SEARCH_USER_PATHS = NO;
				CLANG_ANALYZER_NONNULL = YES;
				CLANG_ANALYZER_NUMBER_OBJECT_CONVERSION = YES_AGGRESSIVE;
				CLANG_CXX_LANGUAGE_STANDARD = "gnu++14";
				CLANG_CXX_LIBRARY = "libc++";
				CLANG_ENABLE_MODULES = YES;
				CLANG_ENABLE_OBJC_ARC = YES;
				CLANG_ENABLE_OBJC_WEAK = YES;
				CLANG_WARN_BLOCK_CAPTURE_AUTORELEASING = YES;
				CLANG_WARN_BOOL_CONVERSION = YES;
				CLANG_WARN_COMMA = YES;
				CLANG_WARN_CONSTANT_CONVERSION = YES;
				CLANG_WARN_DEPRECATED_OBJC_IMPLEMENTATIONS = YES;
				CLANG_WARN_DIRECT_OBJC_ISA_USAGE = YES_ERROR;
				CLANG_WARN_DOCUMENTATION_COMMENTS = YES;
				CLANG_WARN_EMPTY_BODY = YES;
				CLANG_WARN_ENUM_CONVERSION = YES;
				CLANG_WARN_INFINITE_RECURSION = YES;
				CLANG_WARN_INT_CONVERSION = YES;
				CLANG_WARN_NON_LITERAL_NULL_CONVERSION = YES;
				CLANG_WARN_OBJC_IMPLICIT_RETAIN_SELF = YES;
				CLANG_WARN_OBJC_LITERAL_CONVERSION = YES;
				CLANG_WARN_OBJC_ROOT_CLASS = YES_ERROR;
				CLANG_WARN_RANGE_LOOP_ANALYSIS = YES;
				CLANG_WARN_STRICT_PROTOTYPES = YES;
				CLANG_WARN_SUSPICIOUS_MOVE = YES;
				CLANG_WARN_UNGUARDED_AVAILABILITY = YES_AGGRESSIVE;
				CLANG_WARN_UNREACHABLE_CODE = YES;
				CLANG_WARN__DUPLICATE_METHOD_MATCH = YES;
				CODE_SIGN_IDENTITY = "iPhone Developer";
				COPY_PHASE_STRIP = NO;
				DEBUG_INFORMATION_FORMAT = dwarf;
				ENABLE_STRICT_OBJC_MSGSEND = YES;
				ENABLE_TESTABILITY = YES;
				GCC_C_LANGUAGE_STANDARD = gnu11;
				GCC_DYNAMIC_NO_PIC = NO;
				GCC_NO_COMMON_BLOCKS = YES;
				GCC_OPTIMIZATION_LEVEL = 0;
				GCC_PREPROCESSOR_DEFINITIONS = (
					"DEBUG=1",
					"$(inherited)",
				);
				GCC_WARN_64_TO_32_BIT_CONVERSION = YES;
				GCC_WARN_ABOUT_RETURN_TYPE = YES_ERROR;
				GCC_WARN_UNDECLARED_SELECTOR = YES;
				GCC_WARN_UNINITIALIZED_AUTOS = YES_AGGRESSIVE;
				GCC_WARN_UNUSED_FUNCTION = YES;
				GCC_WARN_UNUSED_VARIABLE = YES;
				IPHONEOS_DEPLOYMENT_TARGET = 12.4;
				MTL_ENABLE_DEBUG_INFO = INCLUDE_SOURCE;
				MTL_FAST_MATH = YES;
				ONLY_ACTIVE_ARCH = YES;
				SDKROOT = iphoneos;
				SWIFT_ACTIVE_COMPILATION_CONDITIONS = DEBUG;
				SWIFT_OPTIMIZATION_LEVEL = "-Onone";
			};
			name = Debug;
		};
		04AE35F022F0927B00116D46 /* Release */ = {
			isa = XCBuildConfiguration;
			buildSettings = {
				ALWAYS_SEARCH_USER_PATHS = NO;
				CLANG_ANALYZER_NONNULL = YES;
				CLANG_ANALYZER_NUMBER_OBJECT_CONVERSION = YES_AGGRESSIVE;
				CLANG_CXX_LANGUAGE_STANDARD = "gnu++14";
				CLANG_CXX_LIBRARY = "libc++";
				CLANG_ENABLE_MODULES = YES;
				CLANG_ENABLE_OBJC_ARC = YES;
				CLANG_ENABLE_OBJC_WEAK = YES;
				CLANG_WARN_BLOCK_CAPTURE_AUTORELEASING = YES;
				CLANG_WARN_BOOL_CONVERSION = YES;
				CLANG_WARN_COMMA = YES;
				CLANG_WARN_CONSTANT_CONVERSION = YES;
				CLANG_WARN_DEPRECATED_OBJC_IMPLEMENTATIONS = YES;
				CLANG_WARN_DIRECT_OBJC_ISA_USAGE = YES_ERROR;
				CLANG_WARN_DOCUMENTATION_COMMENTS = YES;
				CLANG_WARN_EMPTY_BODY = YES;
				CLANG_WARN_ENUM_CONVERSION = YES;
				CLANG_WARN_INFINITE_RECURSION = YES;
				CLANG_WARN_INT_CONVERSION = YES;
				CLANG_WARN_NON_LITERAL_NULL_CONVERSION = YES;
				CLANG_WARN_OBJC_IMPLICIT_RETAIN_SELF = YES;
				CLANG_WARN_OBJC_LITERAL_CONVERSION = YES;
				CLANG_WARN_OBJC_ROOT_CLASS = YES_ERROR;
				CLANG_WARN_RANGE_LOOP_ANALYSIS = YES;
				CLANG_WARN_STRICT_PROTOTYPES = YES;
				CLANG_WARN_SUSPICIOUS_MOVE = YES;
				CLANG_WARN_UNGUARDED_AVAILABILITY = YES_AGGRESSIVE;
				CLANG_WARN_UNREACHABLE_CODE = YES;
				CLANG_WARN__DUPLICATE_METHOD_MATCH = YES;
				CODE_SIGN_IDENTITY = "iPhone Developer";
				COPY_PHASE_STRIP = NO;
				DEBUG_INFORMATION_FORMAT = "dwarf-with-dsym";
				ENABLE_NS_ASSERTIONS = NO;
				ENABLE_STRICT_OBJC_MSGSEND = YES;
				GCC_C_LANGUAGE_STANDARD = gnu11;
				GCC_NO_COMMON_BLOCKS = YES;
				GCC_WARN_64_TO_32_BIT_CONVERSION = YES;
				GCC_WARN_ABOUT_RETURN_TYPE = YES_ERROR;
				GCC_WARN_UNDECLARED_SELECTOR = YES;
				GCC_WARN_UNINITIALIZED_AUTOS = YES_AGGRESSIVE;
				GCC_WARN_UNUSED_FUNCTION = YES;
				GCC_WARN_UNUSED_VARIABLE = YES;
				IPHONEOS_DEPLOYMENT_TARGET = 12.4;
				MTL_ENABLE_DEBUG_INFO = NO;
				MTL_FAST_MATH = YES;
				SDKROOT = iphoneos;
				SWIFT_COMPILATION_MODE = wholemodule;
				SWIFT_OPTIMIZATION_LEVEL = "-O";
				VALIDATE_PRODUCT = YES;
			};
			name = Release;
		};
		04AE35F222F0927B00116D46 /* Debug */ = {
			isa = XCBuildConfiguration;
			buildSettings = {
				ASSETCATALOG_COMPILER_APPICON_NAME = AppIcon;
				CODE_SIGN_STYLE = Automatic;
				INFOPLIST_FILE = FilterClosureProject/Info.plist;
				LD_RUNPATH_SEARCH_PATHS = (
					"$(inherited)",
					"@executable_path/Frameworks",
				);
				PRODUCT_BUNDLE_IDENTIFIER = com.renfrew.project.FilterClosureProject;
				PRODUCT_NAME = "$(TARGET_NAME)";
				SWIFT_VERSION = 5.0;
				TARGETED_DEVICE_FAMILY = "1,2";
			};
			name = Debug;
		};
		04AE35F322F0927B00116D46 /* Release */ = {
			isa = XCBuildConfiguration;
			buildSettings = {
				ASSETCATALOG_COMPILER_APPICON_NAME = AppIcon;
				CODE_SIGN_STYLE = Automatic;
				INFOPLIST_FILE = FilterClosureProject/Info.plist;
				LD_RUNPATH_SEARCH_PATHS = (
					"$(inherited)",
					"@executable_path/Frameworks",
				);
				PRODUCT_BUNDLE_IDENTIFIER = com.renfrew.project.FilterClosureProject;
				PRODUCT_NAME = "$(TARGET_NAME)";
				SWIFT_VERSION = 5.0;
				TARGETED_DEVICE_FAMILY = "1,2";
			};
			name = Release;
		};
		04AE35F522F0927B00116D46 /* Debug */ = {
			isa = XCBuildConfiguration;
			buildSettings = {
				ALWAYS_EMBED_SWIFT_STANDARD_LIBRARIES = YES;
				BUNDLE_LOADER = "$(TEST_HOST)";
				CODE_SIGN_STYLE = Automatic;
				INFOPLIST_FILE = FilterClosureProjectTests/Info.plist;
				LD_RUNPATH_SEARCH_PATHS = (
					"$(inherited)",
					"@executable_path/Frameworks",
					"@loader_path/Frameworks",
				);
				PRODUCT_BUNDLE_IDENTIFIER = com.renfrew.project.FilterClosureProjectTests;
				PRODUCT_NAME = "$(TARGET_NAME)";
				SWIFT_VERSION = 5.0;
				TARGETED_DEVICE_FAMILY = "1,2";
				TEST_HOST = "$(BUILT_PRODUCTS_DIR)/FilterClosureProject.app/FilterClosureProject";
			};
			name = Debug;
		};
		04AE35F622F0927B00116D46 /* Release */ = {
			isa = XCBuildConfiguration;
			buildSettings = {
				ALWAYS_EMBED_SWIFT_STANDARD_LIBRARIES = YES;
				BUNDLE_LOADER = "$(TEST_HOST)";
				CODE_SIGN_STYLE = Automatic;
				INFOPLIST_FILE = FilterClosureProjectTests/Info.plist;
				LD_RUNPATH_SEARCH_PATHS = (
					"$(inherited)",
					"@executable_path/Frameworks",
					"@loader_path/Frameworks",
				);
				PRODUCT_BUNDLE_IDENTIFIER = com.renfrew.project.FilterClosureProjectTests;
				PRODUCT_NAME = "$(TARGET_NAME)";
				SWIFT_VERSION = 5.0;
				TARGETED_DEVICE_FAMILY = "1,2";
				TEST_HOST = "$(BUILT_PRODUCTS_DIR)/FilterClosureProject.app/FilterClosureProject";
			};
			name = Release;
		};
/* End XCBuildConfiguration section */

/* Begin XCConfigurationList section */
		04AE35CF22F0927A00116D46 /* Build configuration list for PBXProject "FilterClosureProject" */ = {
			isa = XCConfigurationList;
			buildConfigurations = (
				04AE35EF22F0927B00116D46 /* Debug */,
				04AE35F022F0927B00116D46 /* Release */,
			);
			defaultConfigurationIsVisible = 0;
			defaultConfigurationName = Release;
		};
		04AE35F122F0927B00116D46 /* Build configuration list for PBXNativeTarget "FilterClosureProject" */ = {
			isa = XCConfigurationList;
			buildConfigurations = (
				04AE35F222F0927B00116D46 /* Debug */,
				04AE35F322F0927B00116D46 /* Release */,
			);
			defaultConfigurationIsVisible = 0;
			defaultConfigurationName = Release;
		};
		04AE35F422F0927B00116D46 /* Build configuration list for PBXNativeTarget "FilterClosureProjectTests" */ = {
			isa = XCConfigurationList;
			buildConfigurations = (
				04AE35F522F0927B00116D46 /* Debug */,
				04AE35F622F0927B00116D46 /* Release */,
			);
			defaultConfigurationIsVisible = 0;
			defaultConfigurationName = Release;
		};
/* End XCConfigurationList section */
	};
	rootObject = 04AE35CC22F0927A00116D46 /* Project object */;
}
